
Microsoft Visual Studio Solution File, Format Version 12.00
# Visual Studio Version 16
VisualStudioVersion = 16.0.30611.23
MinimumVisualStudioVersion = 10.0.40219.1
Project("{FAE04EC0-301F-11D3-BF4B-00C04F79EFBC}") = "Creditcard", "Creditcard\Creditcard.csproj", "{8D6FAC52-DCC1-423B-A01B-35994758BE95}"
EndProject
Global
	GlobalSection(SolutionConfigurationPlatforms) = preSolution
		Debug|Any CPU = Debug|Any CPU
		Release|Any CPU = Release|Any CPU
	EndGlobalSection
	GlobalSection(ProjectConfigurationPlatforms) = postSolution
		{8D6FAC52-DCC1-423B-A01B-35994758BE95}.Debug|Any CPU.ActiveCfg = Debug|Any CPU
		{8D6FAC52-DCC1-423B-A01B-35994758BE95}.Debug|Any CPU.Build.0 = Debug|Any CPU
		{8D6FAC52-DCC1-423B-A01B-35994758BE95}.Release|Any CPU.ActiveCfg = Release|Any CPU
		{8D6FAC52-DCC1-423B-A01B-35994758BE95}.Release|Any CPU.Build.0 = Release|Any CPU
	EndGlobalSection
	GlobalSection(SolutionProperties) = preSolution
		HideSolutionNode = FALSE
	EndGlobalSection
	GlobalSection(ExtensibilityGlobals) = postSolution
		SolutionGuid = {2436FBE2-5694-4202-9929-D7C9DBA51CF4}
	EndGlobalSection
EndGlobal
